// !$*UTF8*$!
{
	archiveVersion = 1;
	classes = {
	};
	objectVersion = 52;
	objects = {

/* Begin PBXBuildFile section */
		204108682554659900932502 /* Persistence.swift in Sources */ = {isa = PBXBuildFile; fileRef = 204108672554659900932502 /* Persistence.swift */; };
		204108702554692E00932502 /* smalljump.xcdatamodeld in Sources */ = {isa = PBXBuildFile; fileRef = 2041086E2554692E00932502 /* smalljump.xcdatamodeld */; };
		2064744225579AFB00CAC8AA /* positive_ping.mp3 in Resources */ = {isa = PBXBuildFile; fileRef = 2064743F25579AFB00CAC8AA /* positive_ping.mp3 */; };
		2064744325579AFB00CAC8AA /* connection_added.mp3 in Resources */ = {isa = PBXBuildFile; fileRef = 2064744025579AFB00CAC8AA /* connection_added.mp3 */; };
		2064744425579AFB00CAC8AA /* connection_removed.mp3 in Resources */ = {isa = PBXBuildFile; fileRef = 2064744125579AFB00CAC8AA /* connection_removed.mp3 */; };
		2085B0EC254DBE1300080A64 /* smalljumpApp.swift in Sources */ = {isa = PBXBuildFile; fileRef = 2085B0EB254DBE1300080A64 /* smalljumpApp.swift */; };
		2085B0EE254DBE1300080A64 /* ContentView.swift in Sources */ = {isa = PBXBuildFile; fileRef = 2085B0ED254DBE1300080A64 /* ContentView.swift */; };
		2085B0F0254DBE1600080A64 /* Assets.xcassets in Resources */ = {isa = PBXBuildFile; fileRef = 2085B0EF254DBE1600080A64 /* Assets.xcassets */; };
		2085B0F3254DBE1600080A64 /* Preview Assets.xcassets in Resources */ = {isa = PBXBuildFile; fileRef = 2085B0F2254DBE1600080A64 /* Preview Assets.xcassets */; };
		20B2923B255371D8009074A2 /* Introspect in Frameworks */ = {isa = PBXBuildFile; productRef = 20B2923A255371D8009074A2 /* Introspect */; };
		20C57854255781A9008DEB88 /* GraphUIElement.swift in Sources */ = {isa = PBXBuildFile; fileRef = 20C57853255781A9008DEB88 /* GraphUIElement.swift */; };
		20EB62EE2555A76A00022BFC /* GraphSelector.swift in Sources */ = {isa = PBXBuildFile; fileRef = 20EB62ED2555A76A00022BFC /* GraphSelector.swift */; };
		20EB62F22555A78100022BFC /* GraphEditor.swift in Sources */ = {isa = PBXBuildFile; fileRef = 20EB62F12555A78100022BFC /* GraphEditor.swift */; };
/* End PBXBuildFile section */

/* Begin PBXFileReference section */
		204108672554659900932502 /* Persistence.swift */ = {isa = PBXFileReference; lastKnownFileType = sourcecode.swift; path = Persistence.swift; sourceTree = "<group>"; };
		2041086F2554692E00932502 /* smalljump.xcdatamodel */ = {isa = PBXFileReference; lastKnownFileType = wrapper.xcdatamodel; path = smalljump.xcdatamodel; sourceTree = "<group>"; };
		2064743F25579AFB00CAC8AA /* positive_ping.mp3 */ = {isa = PBXFileReference; lastKnownFileType = audio.mp3; path = positive_ping.mp3; sourceTree = "<group>"; };
		2064744025579AFB00CAC8AA /* connection_added.mp3 */ = {isa = PBXFileReference; lastKnownFileType = audio.mp3; path = connection_added.mp3; sourceTree = "<group>"; };
		2064744125579AFB00CAC8AA /* connection_removed.mp3 */ = {isa = PBXFileReference; lastKnownFileType = audio.mp3; path = connection_removed.mp3; sourceTree = "<group>"; };
		2085B0E8254DBE1300080A64 /* smalljump.app */ = {isa = PBXFileReference; explicitFileType = wrapper.application; includeInIndex = 0; path = smalljump.app; sourceTree = BUILT_PRODUCTS_DIR; };
		2085B0EB254DBE1300080A64 /* smalljumpApp.swift */ = {isa = PBXFileReference; lastKnownFileType = sourcecode.swift; path = smalljumpApp.swift; sourceTree = "<group>"; };
		2085B0ED254DBE1300080A64 /* ContentView.swift */ = {isa = PBXFileReference; lastKnownFileType = sourcecode.swift; path = ContentView.swift; sourceTree = "<group>"; };
		2085B0EF254DBE1600080A64 /* Assets.xcassets */ = {isa = PBXFileReference; lastKnownFileType = folder.assetcatalog; path = Assets.xcassets; sourceTree = "<group>"; };
		2085B0F2254DBE1600080A64 /* Preview Assets.xcassets */ = {isa = PBXFileReference; lastKnownFileType = folder.assetcatalog; path = "Preview Assets.xcassets"; sourceTree = "<group>"; };
		2085B0F4254DBE1600080A64 /* Info.plist */ = {isa = PBXFileReference; lastKnownFileType = text.plist.xml; path = Info.plist; sourceTree = "<group>"; };
		20C57853255781A9008DEB88 /* GraphUIElement.swift */ = {isa = PBXFileReference; lastKnownFileType = sourcecode.swift; path = GraphUIElement.swift; sourceTree = "<group>"; };
		20EB62ED2555A76A00022BFC /* GraphSelector.swift */ = {isa = PBXFileReference; lastKnownFileType = sourcecode.swift; path = GraphSelector.swift; sourceTree = "<group>"; };
		20EB62F12555A78100022BFC /* GraphEditor.swift */ = {isa = PBXFileReference; lastKnownFileType = sourcecode.swift; path = GraphEditor.swift; sourceTree = "<group>"; };
/* End PBXFileReference section */

/* Begin PBXFrameworksBuildPhase section */
		2085B0E5254DBE1300080A64 /* Frameworks */ = {
			isa = PBXFrameworksBuildPhase;
			buildActionMask = 2147483647;
			files = (
				20B2923B255371D8009074A2 /* Introspect in Frameworks */,
			);
			runOnlyForDeploymentPostprocessing = 0;
		};
/* End PBXFrameworksBuildPhase section */

/* Begin PBXGroup section */
		2085B0DF254DBE1300080A64 = {
			isa = PBXGroup;
			children = (
				2085B0EA254DBE1300080A64 /* smalljump */,
				2085B0E9254DBE1300080A64 /* Products */,
			);
			sourceTree = "<group>";
		};
		2085B0E9254DBE1300080A64 /* Products */ = {
			isa = PBXGroup;
			children = (
				2085B0E8254DBE1300080A64 /* smalljump.app */,
			);
			name = Products;
			sourceTree = "<group>";
		};
		2085B0EA254DBE1300080A64 /* smalljump */ = {
			isa = PBXGroup;
			children = (
				2085B0EB254DBE1300080A64 /* smalljumpApp.swift */,
				2085B0ED254DBE1300080A64 /* ContentView.swift */,
				20EB62ED2555A76A00022BFC /* GraphSelector.swift */,
				20EB62F12555A78100022BFC /* GraphEditor.swift */,
				20C57853255781A9008DEB88 /* GraphUIElement.swift */,
				2085B0EF254DBE1600080A64 /* Assets.xcassets */,
				204108672554659900932502 /* Persistence.swift */,
				2085B0F4254DBE1600080A64 /* Info.plist */,
				20A71F782552202500553F7E /* Sounds */,
				2085B0F1254DBE1600080A64 /* Preview Content */,
				2041086E2554692E00932502 /* smalljump.xcdatamodeld */,
			);
			path = smalljump;
			sourceTree = "<group>";
		};
		2085B0F1254DBE1600080A64 /* Preview Content */ = {
			isa = PBXGroup;
			children = (
				2085B0F2254DBE1600080A64 /* Preview Assets.xcassets */,
			);
			path = "Preview Content";
			sourceTree = "<group>";
		};
		20A71F782552202500553F7E /* Sounds */ = {
			isa = PBXGroup;
			children = (
				2064744025579AFB00CAC8AA /* connection_added.mp3 */,
				2064744125579AFB00CAC8AA /* connection_removed.mp3 */,
				2064743F25579AFB00CAC8AA /* positive_ping.mp3 */,
			);
			path = Sounds;
			sourceTree = "<group>";
		};
/* End PBXGroup section */

/* Begin PBXNativeTarget section */
		2085B0E7254DBE1300080A64 /* smalljump */ = {
			isa = PBXNativeTarget;
			buildConfigurationList = 2085B0F7254DBE1600080A64 /* Build configuration list for PBXNativeTarget "smalljump" */;
			buildPhases = (
				2085B0E4254DBE1300080A64 /* Sources */,
				2085B0E5254DBE1300080A64 /* Frameworks */,
				2085B0E6254DBE1300080A64 /* Resources */,
			);
			buildRules = (
			);
			dependencies = (
			);
			name = smalljump;
			packageProductDependencies = (
				20B2923A255371D8009074A2 /* Introspect */,
			);
			productName = smalljump;
			productReference = 2085B0E8254DBE1300080A64 /* smalljump.app */;
			productType = "com.apple.product-type.application";
		};
/* End PBXNativeTarget section */

/* Begin PBXProject section */
		2085B0E0254DBE1300080A64 /* Project object */ = {
			isa = PBXProject;
			attributes = {
				LastSwiftUpdateCheck = 1210;
				LastUpgradeCheck = 1210;
				TargetAttributes = {
					2085B0E7254DBE1300080A64 = {
						CreatedOnToolsVersion = 12.1;
					};
				};
			};
			buildConfigurationList = 2085B0E3254DBE1300080A64 /* Build configuration list for PBXProject "smalljump" */;
			compatibilityVersion = "Xcode 9.3";
			developmentRegion = en;
			hasScannedForEncodings = 0;
			knownRegions = (
				en,
				Base,
			);
			mainGroup = 2085B0DF254DBE1300080A64;
			packageReferences = (
				20B29239255371D8009074A2 /* XCRemoteSwiftPackageReference "SwiftUI-Introspect" */,
			);
			productRefGroup = 2085B0E9254DBE1300080A64 /* Products */;
			projectDirPath = "";
			projectRoot = "";
			targets = (
				2085B0E7254DBE1300080A64 /* smalljump */,
			);
		};
/* End PBXProject section */

/* Begin PBXResourcesBuildPhase section */
		2085B0E6254DBE1300080A64 /* Resources */ = {
			isa = PBXResourcesBuildPhase;
			buildActionMask = 2147483647;
			files = (
				2085B0F3254DBE1600080A64 /* Preview Assets.xcassets in Resources */,
				2085B0F0254DBE1600080A64 /* Assets.xcassets in Resources */,
				2064744225579AFB00CAC8AA /* positive_ping.mp3 in Resources */,
				2064744325579AFB00CAC8AA /* connection_added.mp3 in Resources */,
				2064744425579AFB00CAC8AA /* connection_removed.mp3 in Resources */,
			);
			runOnlyForDeploymentPostprocessing = 0;
		};
/* End PBXResourcesBuildPhase section */

/* Begin PBXSourcesBuildPhase section */
		2085B0E4254DBE1300080A64 /* Sources */ = {
			isa = PBXSourcesBuildPhase;
			buildActionMask = 2147483647;
			files = (
				2085B0EE254DBE1300080A64 /* ContentView.swift in Sources */,
				204108682554659900932502 /* Persistence.swift in Sources */,
				20EB62EE2555A76A00022BFC /* GraphSelector.swift in Sources */,
				20C57854255781A9008DEB88 /* GraphUIElement.swift in Sources */,
				20EB62F22555A78100022BFC /* GraphEditor.swift in Sources */,
				2085B0EC254DBE1300080A64 /* smalljumpApp.swift in Sources */,
				204108702554692E00932502 /* smalljump.xcdatamodeld in Sources */,
			);
			runOnlyForDeploymentPostprocessing = 0;
		};
/* End PBXSourcesBuildPhase section */

/* Begin XCBuildConfiguration section */
		2085B0F5254DBE1600080A64 /* Debug */ = {
			isa = XCBuildConfiguration;
			buildSettings = {
				ALWAYS_SEARCH_USER_PATHS = NO;
				CLANG_ANALYZER_NONNULL = YES;
				CLANG_ANALYZER_NUMBER_OBJECT_CONVERSION = YES_AGGRESSIVE;
				CLANG_CXX_LANGUAGE_STANDARD = "gnu++14";
				CLANG_CXX_LIBRARY = "libc++";
				CLANG_ENABLE_MODULES = YES;
				CLANG_ENABLE_OBJC_ARC = YES;
				CLANG_ENABLE_OBJC_WEAK = YES;
				CLANG_WARN_BLOCK_CAPTURE_AUTORELEASING = YES;
				CLANG_WARN_BOOL_CONVERSION = YES;
				CLANG_WARN_COMMA = YES;
				CLANG_WARN_CONSTANT_CONVERSION = YES;
				CLANG_WARN_DEPRECATED_OBJC_IMPLEMENTATIONS = YES;
				CLANG_WARN_DIRECT_OBJC_ISA_USAGE = YES_ERROR;
				CLANG_WARN_DOCUMENTATION_COMMENTS = YES;
				CLANG_WARN_EMPTY_BODY = YES;
				CLANG_WARN_ENUM_CONVERSION = YES;
				CLANG_WARN_INFINITE_RECURSION = YES;
				CLANG_WARN_INT_CONVERSION = YES;
				CLANG_WARN_NON_LITERAL_NULL_CONVERSION = YES;
				CLANG_WARN_OBJC_IMPLICIT_RETAIN_SELF = YES;
				CLANG_WARN_OBJC_LITERAL_CONVERSION = YES;
				CLANG_WARN_OBJC_ROOT_CLASS = YES_ERROR;
				CLANG_WARN_QUOTED_INCLUDE_IN_FRAMEWORK_HEADER = YES;
				CLANG_WARN_RANGE_LOOP_ANALYSIS = YES;
				CLANG_WARN_STRICT_PROTOTYPES = YES;
				CLANG_WARN_SUSPICIOUS_MOVE = YES;
				CLANG_WARN_UNGUARDED_AVAILABILITY = YES_AGGRESSIVE;
				CLANG_WARN_UNREACHABLE_CODE = YES;
				CLANG_WARN__DUPLICATE_METHOD_MATCH = YES;
				COPY_PHASE_STRIP = NO;
				DEBUG_INFORMATION_FORMAT = dwarf;
				ENABLE_STRICT_OBJC_MSGSEND = YES;
				ENABLE_TESTABILITY = YES;
				GCC_C_LANGUAGE_STANDARD = gnu11;
				GCC_DYNAMIC_NO_PIC = NO;
				GCC_NO_COMMON_BLOCKS = YES;
				GCC_OPTIMIZATION_LEVEL = 0;
				GCC_PREPROCESSOR_DEFINITIONS = (
					"DEBUG=1",
					"$(inherited)",
				);
				GCC_WARN_64_TO_32_BIT_CONVERSION = YES;
				GCC_WARN_ABOUT_RETURN_TYPE = YES_ERROR;
				GCC_WARN_UNDECLARED_SELECTOR = YES;
				GCC_WARN_UNINITIALIZED_AUTOS = YES_AGGRESSIVE;
				GCC_WARN_UNUSED_FUNCTION = YES;
				GCC_WARN_UNUSED_VARIABLE = YES;
				IPHONEOS_DEPLOYMENT_TARGET = 14.1;
				MTL_ENABLE_DEBUG_INFO = INCLUDE_SOURCE;
				MTL_FAST_MATH = YES;
				ONLY_ACTIVE_ARCH = YES;
				SDKROOT = iphoneos;
				SWIFT_ACTIVE_COMPILATION_CONDITIONS = DEBUG;
				SWIFT_OPTIMIZATION_LEVEL = "-Onone";
			};
			name = Debug;
		};
		2085B0F6254DBE1600080A64 /* Release */ = {
			isa = XCBuildConfiguration;
			buildSettings = {
				ALWAYS_SEARCH_USER_PATHS = NO;
				CLANG_ANALYZER_NONNULL = YES;
				CLANG_ANALYZER_NUMBER_OBJECT_CONVERSION = YES_AGGRESSIVE;
				CLANG_CXX_LANGUAGE_STANDARD = "gnu++14";
				CLANG_CXX_LIBRARY = "libc++";
				CLANG_ENABLE_MODULES = YES;
				CLANG_ENABLE_OBJC_ARC = YES;
				CLANG_ENABLE_OBJC_WEAK = YES;
				CLANG_WARN_BLOCK_CAPTURE_AUTORELEASING = YES;
				CLANG_WARN_BOOL_CONVERSION = YES;
				CLANG_WARN_COMMA = YES;
				CLANG_WARN_CONSTANT_CONVERSION = YES;
				CLANG_WARN_DEPRECATED_OBJC_IMPLEMENTATIONS = YES;
				CLANG_WARN_DIRECT_OBJC_ISA_USAGE = YES_ERROR;
				CLANG_WARN_DOCUMENTATION_COMMENTS = YES;
				CLANG_WARN_EMPTY_BODY = YES;
				CLANG_WARN_ENUM_CONVERSION = YES;
				CLANG_WARN_INFINITE_RECURSION = YES;
				CLANG_WARN_INT_CONVERSION = YES;
				CLANG_WARN_NON_LITERAL_NULL_CONVERSION = YES;
				CLANG_WARN_OBJC_IMPLICIT_RETAIN_SELF = YES;
				CLANG_WARN_OBJC_LITERAL_CONVERSION = YES;
				CLANG_WARN_OBJC_ROOT_CLASS = YES_ERROR;
				CLANG_WARN_QUOTED_INCLUDE_IN_FRAMEWORK_HEADER = YES;
				CLANG_WARN_RANGE_LOOP_ANALYSIS = YES;
				CLANG_WARN_STRICT_PROTOTYPES = YES;
				CLANG_WARN_SUSPICIOUS_MOVE = YES;
				CLANG_WARN_UNGUARDED_AVAILABILITY = YES_AGGRESSIVE;
				CLANG_WARN_UNREACHABLE_CODE = YES;
				CLANG_WARN__DUPLICATE_METHOD_MATCH = YES;
				COPY_PHASE_STRIP = NO;
				DEBUG_INFORMATION_FORMAT = "dwarf-with-dsym";
				ENABLE_NS_ASSERTIONS = NO;
				ENABLE_STRICT_OBJC_MSGSEND = YES;
				GCC_C_LANGUAGE_STANDARD = gnu11;
				GCC_NO_COMMON_BLOCKS = YES;
				GCC_WARN_64_TO_32_BIT_CONVERSION = YES;
				GCC_WARN_ABOUT_RETURN_TYPE = YES_ERROR;
				GCC_WARN_UNDECLARED_SELECTOR = YES;
				GCC_WARN_UNINITIALIZED_AUTOS = YES_AGGRESSIVE;
				GCC_WARN_UNUSED_FUNCTION = YES;
				GCC_WARN_UNUSED_VARIABLE = YES;
				IPHONEOS_DEPLOYMENT_TARGET = 14.1;
				MTL_ENABLE_DEBUG_INFO = NO;
				MTL_FAST_MATH = YES;
				SDKROOT = iphoneos;
				SWIFT_COMPILATION_MODE = wholemodule;
				SWIFT_OPTIMIZATION_LEVEL = "-O";
				VALIDATE_PRODUCT = YES;
			};
			name = Release;
		};
		2085B0F8254DBE1600080A64 /* Debug */ = {
			isa = XCBuildConfiguration;
			buildSettings = {
				ASSETCATALOG_COMPILER_APPICON_NAME = AppIcon;
				ASSETCATALOG_COMPILER_GLOBAL_ACCENT_COLOR_NAME = AccentColor;
				CODE_SIGN_STYLE = Automatic;
				DEVELOPMENT_ASSET_PATHS = "\"smalljump/Preview Content\"";
				DEVELOPMENT_TEAM = 57798878NB;
				ENABLE_PREVIEWS = YES;
				INFOPLIST_FILE = smalljump/Info.plist;
				IPHONEOS_DEPLOYMENT_TARGET = 14.0;
				LD_RUNPATH_SEARCH_PATHS = (
					"$(inherited)",
					"@executable_path/Frameworks",
				);
				PRODUCT_BUNDLE_IDENTIFIER = pianostringquartet.smalljump;
				PRODUCT_NAME = "$(TARGET_NAME)";
				SWIFT_VERSION = 5.0;
				TARGETED_DEVICE_FAMILY = "1,2";
			};
			name = Debug;
		};
		2085B0F9254DBE1600080A64 /* Release */ = {
			isa = XCBuildConfiguration;
			buildSettings = {
				ASSETCATALOG_COMPILER_APPICON_NAME = AppIcon;
				ASSETCATALOG_COMPILER_GLOBAL_ACCENT_COLOR_NAME = AccentColor;
				CODE_SIGN_STYLE = Automatic;
				DEVELOPMENT_ASSET_PATHS = "\"smalljump/Preview Content\"";
				DEVELOPMENT_TEAM = 57798878NB;
				ENABLE_PREVIEWS = YES;
				INFOPLIST_FILE = smalljump/Info.plist;
				IPHONEOS_DEPLOYMENT_TARGET = 14.0;
				LD_RUNPATH_SEARCH_PATHS = (
					"$(inherited)",
					"@executable_path/Frameworks",
				);
				PRODUCT_BUNDLE_IDENTIFIER = pianostringquartet.smalljump;
				PRODUCT_NAME = "$(TARGET_NAME)";
				SWIFT_VERSION = 5.0;
				TARGETED_DEVICE_FAMILY = "1,2";
			};
			name = Release;
		};
/* End XCBuildConfiguration section */

/* Begin XCConfigurationList section */
		2085B0E3254DBE1300080A64 /* Build configuration list for PBXProject "smalljump" */ = {
			isa = XCConfigurationList;
			buildConfigurations = (
				2085B0F5254DBE1600080A64 /* Debug */,
				2085B0F6254DBE1600080A64 /* Release */,
			);
			defaultConfigurationIsVisible = 0;
			defaultConfigurationName = Release;
		};
		2085B0F7254DBE1600080A64 /* Build configuration list for PBXNativeTarget "smalljump" */ = {
			isa = XCConfigurationList;
			buildConfigurations = (
				2085B0F8254DBE1600080A64 /* Debug */,
				2085B0F9254DBE1600080A64 /* Release */,
			);
			defaultConfigurationIsVisible = 0;
			defaultConfigurationName = Release;
		};
/* End XCConfigurationList section */

/* Begin XCRemoteSwiftPackageReference section */
		20B29239255371D8009074A2 /* XCRemoteSwiftPackageReference "SwiftUI-Introspect" */ = {
			isa = XCRemoteSwiftPackageReference;
			repositoryURL = "https://github.com/siteline/SwiftUI-Introspect.git";
			requirement = {
				kind = upToNextMajorVersion;
				minimumVersion = 0.1.1;
			};
		};
/* End XCRemoteSwiftPackageReference section */

/* Begin XCSwiftPackageProductDependency section */
		20B2923A255371D8009074A2 /* Introspect */ = {
			isa = XCSwiftPackageProductDependency;
			package = 20B29239255371D8009074A2 /* XCRemoteSwiftPackageReference "SwiftUI-Introspect" */;
			productName = Introspect;
		};
/* End XCSwiftPackageProductDependency section */

/* Begin XCVersionGroup section */
		2041086E2554692E00932502 /* smalljump.xcdatamodeld */ = {
			isa = XCVersionGroup;
			children = (
				2041086F2554692E00932502 /* smalljump.xcdatamodel */,
			);
			currentVersion = 2041086F2554692E00932502 /* smalljump.xcdatamodel */;
			path = smalljump.xcdatamodeld;
			sourceTree = "<group>";
			versionGroupType = wrapper.xcdatamodel;
		};
/* End XCVersionGroup section */
	};
	rootObject = 2085B0E0254DBE1300080A64 /* Project object */;
}
